Microsoft Visual Studio Solution File, Format Version 12.00
# Visual Studio Version 17
VisualStudioVersion = 17.5.2.0
MinimumVisualStudioVersion = 10.0.40219.1
Project("{FAE04EC0-301F-11D3-BF4B-00C04F79EFBC}") = "types_system", "types_system.csproj", "{FEB1BCA1-579A-F291-B3D0-AF47D0F8B45F}"
EndProject
Global
	GlobalSection(SolutionConfigurationPlatforms) = preSolution
		Debug|Any CPU = Debug|Any CPU
		Release|Any CPU = Release|Any CPU
	EndGlobalSection
	GlobalSection(ProjectConfigurationPlatforms) = postSolution
		{FEB1BCA1-579A-F291-B3D0-AF47D0F8B45F}.Debug|Any CPU.ActiveCfg = Debug|Any CPU
		{FEB1BCA1-579A-F291-B3D0-AF47D0F8B45F}.Debug|Any CPU.Build.0 = Debug|Any CPU
		{FEB1BCA1-579A-F291-B3D0-AF47D0F8B45F}.Release|Any CPU.ActiveCfg = Release|Any CPU
		{FEB1BCA1-579A-F291-B3D0-AF47D0F8B45F}.Release|Any CPU.Build.0 = Release|Any CPU
	EndGlobalSection
	GlobalSection(SolutionProperties) = preSolution
		HideSolutionNode = FALSE
	EndGlobalSection
	GlobalSection(ExtensibilityGlobals) = postSolution
		SolutionGuid = {F30B9A39-B98C-40B6-BA97-414EB5199C8F}
	EndGlobalSection
EndGlobal
